
Microsoft Visual Studio Solution File, Format Version 12.00
# Visual Studio 15
VisualStudioVersion = 15.0.28010.2003
MinimumVisualStudioVersion = 10.0.40219.1
Project("{FAE04EC0-301F-11D3-BF4B-00C04F79EFBC}") = "1730ex2e", "1730ex2e\1730ex2e.csproj", "{4F673C0B-DA6A-46BD-8688-DFFC5548E3B1}"
EndProject
Project("{9A19103F-16F7-4668-BE54-9A1E7A4F7556}") = "1730ex2eUnitTests", "1730ex2eUnitTests\1730ex2eUnitTests.csproj", "{26CF021E-1A3D-4E4E-8909-1B2EF93AA23F}"
EndProject
Project("{FAE04EC0-301F-11D3-BF4B-00C04F79EFBC}") = "1730ex2f", "1730ex2f\1730ex2f.csproj", "{36AFA892-A54B-4904-BBC6-348500F74F93}"
EndProject
Project("{9A19103F-16F7-4668-BE54-9A1E7A4F7556}") = "1730ex2fUnitTests", "1730ex2fUnitTests\1730ex2fUnitTests.csproj", "{D144A02E-7DD8-4E6F-9A31-0D64CD42F388}"
EndProject
Project("{FAE04EC0-301F-11D3-BF4B-00C04F79EFBC}") = "1730ex2g", "1730ex2g\1730ex2g.csproj", "{89853CE8-2F1D-4DCC-B935-6E94F1B7430D}"
EndProject
Project("{9A19103F-16F7-4668-BE54-9A1E7A4F7556}") = "1730ex2gUnitTests", "1730ex2gUnitTests\1730ex2gUnitTests.csproj", "{D9F64BB3-EF67-425F-84C2-78B7F49C34A2}"
EndProject
Project("{FAE04EC0-301F-11D3-BF4B-00C04F79EFBC}") = "1730ex2h", "1730ex2h\1730ex2h.csproj", "{C8190A0E-0F4F-4098-99F8-6ACF3E8A725F}"
EndProject
Project("{FAE04EC0-301F-11D3-BF4B-00C04F79EFBC}") = "1730ex2h.Tests", "1730ex2h.Tests\1730ex2h.Tests.csproj", "{2AAB2399-1C6B-43EB-93EB-90E02800F7A0}"
EndProject
Project("{FAE04EC0-301F-11D3-BF4B-00C04F79EFBC}") = "StringMethodsSamp", "StringMethodsSamp\StringMethodsSamp.csproj", "{AEB1977D-F705-4A3F-BBD2-7904D118BBA5}"
EndProject
Project("{FAE04EC0-301F-11D3-BF4B-00C04F79EFBC}") = "1730ch5Loops", "1730ch5Loops\1730ch5Loops.csproj", "{A89B85B4-F85F-430F-A1FA-17ED1A73C51B}"
EndProject
Project("{FAE04EC0-301F-11D3-BF4B-00C04F79EFBC}") = "1730ex3a", "1730ex3a\1730ex3a.csproj", "{0D35A665-8A9F-43E3-8D0D-E75F5BC49EBA}"
EndProject
Project("{FAE04EC0-301F-11D3-BF4B-00C04F79EFBC}") = "1730ex3aUnitTests", "1730ex3aUnitTests\1730ex3aUnitTests.csproj", "{A560D9A1-0E0C-4BA5-993B-545AEB79B67A}"
EndProject
Global
	GlobalSection(SolutionConfigurationPlatforms) = preSolution
		Debug|Any CPU = Debug|Any CPU
		Release|Any CPU = Release|Any CPU
	EndGlobalSection
	GlobalSection(ProjectConfigurationPlatforms) = postSolution
		{4F673C0B-DA6A-46BD-8688-DFFC5548E3B1}.Debug|Any CPU.ActiveCfg = Debug|Any CPU
		{4F673C0B-DA6A-46BD-8688-DFFC5548E3B1}.Debug|Any CPU.Build.0 = Debug|Any CPU
		{4F673C0B-DA6A-46BD-8688-DFFC5548E3B1}.Release|Any CPU.ActiveCfg = Release|Any CPU
		{4F673C0B-DA6A-46BD-8688-DFFC5548E3B1}.Release|Any CPU.Build.0 = Release|Any CPU
		{26CF021E-1A3D-4E4E-8909-1B2EF93AA23F}.Debug|Any CPU.ActiveCfg = Debug|Any CPU
		{26CF021E-1A3D-4E4E-8909-1B2EF93AA23F}.Debug|Any CPU.Build.0 = Debug|Any CPU
		{26CF021E-1A3D-4E4E-8909-1B2EF93AA23F}.Release|Any CPU.ActiveCfg = Release|Any CPU
		{26CF021E-1A3D-4E4E-8909-1B2EF93AA23F}.Release|Any CPU.Build.0 = Release|Any CPU
		{36AFA892-A54B-4904-BBC6-348500F74F93}.Debug|Any CPU.ActiveCfg = Debug|Any CPU
		{36AFA892-A54B-4904-BBC6-348500F74F93}.Debug|Any CPU.Build.0 = Debug|Any CPU
		{36AFA892-A54B-4904-BBC6-348500F74F93}.Release|Any CPU.ActiveCfg = Release|Any CPU
		{36AFA892-A54B-4904-BBC6-348500F74F93}.Release|Any CPU.Build.0 = Release|Any CPU
		{D144A02E-7DD8-4E6F-9A31-0D64CD42F388}.Debug|Any CPU.ActiveCfg = Debug|Any CPU
		{D144A02E-7DD8-4E6F-9A31-0D64CD42F388}.Debug|Any CPU.Build.0 = Debug|Any CPU
		{D144A02E-7DD8-4E6F-9A31-0D64CD42F388}.Release|Any CPU.ActiveCfg = Release|Any CPU
		{D144A02E-7DD8-4E6F-9A31-0D64CD42F388}.Release|Any CPU.Build.0 = Release|Any CPU
		{89853CE8-2F1D-4DCC-B935-6E94F1B7430D}.Debug|Any CPU.ActiveCfg = Debug|Any CPU
		{89853CE8-2F1D-4DCC-B935-6E94F1B7430D}.Debug|Any CPU.Build.0 = Debug|Any CPU
		{89853CE8-2F1D-4DCC-B935-6E94F1B7430D}.Release|Any CPU.ActiveCfg = Release|Any CPU
		{89853CE8-2F1D-4DCC-B935-6E94F1B7430D}.Release|Any CPU.Build.0 = Release|Any CPU
		{D9F64BB3-EF67-425F-84C2-78B7F49C34A2}.Debug|Any CPU.ActiveCfg = Debug|Any CPU
		{D9F64BB3-EF67-425F-84C2-78B7F49C34A2}.Debug|Any CPU.Build.0 = Debug|Any CPU
		{D9F64BB3-EF67-425F-84C2-78B7F49C34A2}.Release|Any CPU.ActiveCfg = Release|Any CPU
		{D9F64BB3-EF67-425F-84C2-78B7F49C34A2}.Release|Any CPU.Build.0 = Release|Any CPU
		{C8190A0E-0F4F-4098-99F8-6ACF3E8A725F}.Debug|Any CPU.ActiveCfg = Debug|Any CPU
		{C8190A0E-0F4F-4098-99F8-6ACF3E8A725F}.Debug|Any CPU.Build.0 = Debug|Any CPU
		{C8190A0E-0F4F-4098-99F8-6ACF3E8A725F}.Release|Any CPU.ActiveCfg = Release|Any CPU
		{C8190A0E-0F4F-4098-99F8-6ACF3E8A725F}.Release|Any CPU.Build.0 = Release|Any CPU
		{2AAB2399-1C6B-43EB-93EB-90E02800F7A0}.Debug|Any CPU.ActiveCfg = Debug|Any CPU
		{2AAB2399-1C6B-43EB-93EB-90E02800F7A0}.Debug|Any CPU.Build.0 = Debug|Any CPU
		{2AAB2399-1C6B-43EB-93EB-90E02800F7A0}.Release|Any CPU.ActiveCfg = Release|Any CPU
		{2AAB2399-1C6B-43EB-93EB-90E02800F7A0}.Release|Any CPU.Build.0 = Release|Any CPU
		{AEB1977D-F705-4A3F-BBD2-7904D118BBA5}.Debug|Any CPU.ActiveCfg = Debug|Any CPU
		{AEB1977D-F705-4A3F-BBD2-7904D118BBA5}.Debug|Any CPU.Build.0 = Debug|Any CPU
		{AEB1977D-F705-4A3F-BBD2-7904D118BBA5}.Release|Any CPU.ActiveCfg = Release|Any CPU
		{AEB1977D-F705-4A3F-BBD2-7904D118BBA5}.Release|Any CPU.Build.0 = Release|Any CPU
		{A89B85B4-F85F-430F-A1FA-17ED1A73C51B}.Debug|Any CPU.ActiveCfg = Debug|Any CPU
		{A89B85B4-F85F-430F-A1FA-17ED1A73C51B}.Debug|Any CPU.Build.0 = Debug|Any CPU
		{A89B85B4-F85F-430F-A1FA-17ED1A73C51B}.Release|Any CPU.ActiveCfg = Release|Any CPU
		{A89B85B4-F85F-430F-A1FA-17ED1A73C51B}.Release|Any CPU.Build.0 = Release|Any CPU
		{0D35A665-8A9F-43E3-8D0D-E75F5BC49EBA}.Debug|Any CPU.ActiveCfg = Debug|Any CPU
		{0D35A665-8A9F-43E3-8D0D-E75F5BC49EBA}.Debug|Any CPU.Build.0 = Debug|Any CPU
		{0D35A665-8A9F-43E3-8D0D-E75F5BC49EBA}.Release|Any CPU.ActiveCfg = Release|Any CPU
		{0D35A665-8A9F-43E3-8D0D-E75F5BC49EBA}.Release|Any CPU.Build.0 = Release|Any CPU
		{A560D9A1-0E0C-4BA5-993B-545AEB79B67A}.Debug|Any CPU.ActiveCfg = Debug|Any CPU
		{A560D9A1-0E0C-4BA5-993B-545AEB79B67A}.Debug|Any CPU.Build.0 = Debug|Any CPU
		{A560D9A1-0E0C-4BA5-993B-545AEB79B67A}.Release|Any CPU.ActiveCfg = Release|Any CPU
		{A560D9A1-0E0C-4BA5-993B-545AEB79B67A}.Release|Any CPU.Build.0 = Release|Any CPU
	EndGlobalSection
	GlobalSection(SolutionProperties) = preSolution
		HideSolutionNode = FALSE
	EndGlobalSection
	GlobalSection(ExtensibilityGlobals) = postSolution
		SolutionGuid = {71CAFAB2-1307-40D1-86F7-8905E3453A7D}
	EndGlobalSection
EndGlobal
